
Microsoft Visual Studio Solution File, Format Version 12.00
# Visual Studio Version 17
VisualStudioVersion = 17.5.33530.505
MinimumVisualStudioVersion = 10.0.40219.1
Project("{FAE04EC0-301F-11D3-BF4B-00C04F79EFBC}") = "Forum", "Forum\Forum.csproj", "{86DC9D47-937A-4669-9865-1D1ECA849FE6}"
EndProject
Global
	GlobalSection(SolutionConfigurationPlatforms) = preSolution
		Debug|Any CPU = Debug|Any CPU
		Release|Any CPU = Release|Any CPU
	EndGlobalSection
	GlobalSection(ProjectConfigurationPlatforms) = postSolution
		{86DC9D47-937A-4669-9865-1D1ECA849FE6}.Debug|Any CPU.ActiveCfg = Debug|Any CPU
		{86DC9D47-937A-4669-9865-1D1ECA849FE6}.Debug|Any CPU.Build.0 = Debug|Any CPU
		{86DC9D47-937A-4669-9865-1D1ECA849FE6}.Release|Any CPU.ActiveCfg = Release|Any CPU
		{86DC9D47-937A-4669-9865-1D1ECA849FE6}.Release|Any CPU.Build.0 = Release|Any CPU
	EndGlobalSection
	GlobalSection(SolutionProperties) = preSolution
		HideSolutionNode = FALSE
	EndGlobalSection
	GlobalSection(ExtensibilityGlobals) = postSolution
		SolutionGuid = {DEF8A836-0992-440A-A119-C2E21CC4AB82}
	EndGlobalSection
EndGlobal
